// !$*UTF8*$!
{
	archiveVersion = 1;
	classes = {
	};
	objectVersion = 46;
	objects = {

/* Begin PBXBuildFile section */
		0C15F6321C33DD1300E01EC0 /* main.m in Sources */ = {isa = PBXBuildFile; fileRef = 0C15F6311C33DD1300E01EC0 /* main.m */; };
		0C15F6351C33DD1300E01EC0 /* AppDelegate.m in Sources */ = {isa = PBXBuildFile; fileRef = 0C15F6341C33DD1300E01EC0 /* AppDelegate.m */; };
		0C15F6381C33DD1300E01EC0 /* ViewController.m in Sources */ = {isa = PBXBuildFile; fileRef = 0C15F6371C33DD1300E01EC0 /* ViewController.m */; };
		0C15F63B1C33DD1300E01EC0 /* Main.storyboard in Resources */ = {isa = PBXBuildFile; fileRef = 0C15F6391C33DD1300E01EC0 /* Main.storyboard */; };
		0C15F63D1C33DD1300E01EC0 /* Assets.xcassets in Resources */ = {isa = PBXBuildFile; fileRef = 0C15F63C1C33DD1300E01EC0 /* Assets.xcassets */; };
		0C15F6401C33DD1300E01EC0 /* LaunchScreen.storyboard in Resources */ = {isa = PBXBuildFile; fileRef = 0C15F63E1C33DD1300E01EC0 /* LaunchScreen.storyboard */; };
		0C15F64B1C33DD1300E01EC0 /* CAReplicatorLayer__Tests.m in Sources */ = {isa = PBXBuildFile; fileRef = 0C15F64A1C33DD1300E01EC0 /* CAReplicatorLayer__Tests.m */; };
		0C15F6561C33DD1300E01EC0 /* CAReplicatorLayer__UITests.m in Sources */ = {isa = PBXBuildFile; fileRef = 0C15F6551C33DD1300E01EC0 /* CAReplicatorLayer__UITests.m */; };
/* End PBXBuildFile section */

/* Begin PBXContainerItemProxy section */
		0C15F6471C33DD1300E01EC0 /* PBXContainerItemProxy */ = {
			isa = PBXContainerItemProxy;
			containerPortal = 0C15F6251C33DD1300E01EC0 /* Project object */;
			proxyType = 1;
			remoteGlobalIDString = 0C15F62C1C33DD1300E01EC0;
			remoteInfo = "CAReplicatorLayer练习";
		};
		0C15F6521C33DD1300E01EC0 /* PBXContainerItemProxy */ = {
			isa = PBXContainerItemProxy;
			containerPortal = 0C15F6251C33DD1300E01EC0 /* Project object */;
			proxyType = 1;
			remoteGlobalIDString = 0C15F62C1C33DD1300E01EC0;
			remoteInfo = "CAReplicatorLayer练习";
		};
/* End PBXContainerItemProxy section */

/* Begin PBXFileReference section */
		0C15F62D1C33DD1300E01EC0 /* CAReplicatorLayer练习.app */ = {isa = PBXFileReference; explicitFileType = wrapper.application; includeInIndex = 0; path = "CAReplicatorLayer练习.app"; sourceTree = BUILT_PRODUCTS_DIR; };
		0C15F6311C33DD1300E01EC0 /* main.m */ = {isa = PBXFileReference; lastKnownFileType = sourcecode.c.objc; path = main.m; sourceTree = "<group>"; };
		0C15F6331C33DD1300E01EC0 /* AppDelegate.h */ = {isa = PBXFileReference; lastKnownFileType = sourcecode.c.h; path = AppDelegate.h; sourceTree = "<group>"; };
		0C15F6341C33DD1300E01EC0 /* AppDelegate.m */ = {isa = PBXFileReference; lastKnownFileType = sourcecode.c.objc; path = AppDelegate.m; sourceTree = "<group>"; };
		0C15F6361C33DD1300E01EC0 /* ViewController.h */ = {isa = PBXFileReference; lastKnownFileType = sourcecode.c.h; path = ViewController.h; sourceTree = "<group>"; };
		0C15F6371C33DD1300E01EC0 /* ViewController.m */ = {isa = PBXFileReference; lastKnownFileType = sourcecode.c.objc; path = ViewController.m; sourceTree = "<group>"; };
		0C15F63A1C33DD1300E01EC0 /* Base */ = {isa = PBXFileReference; lastKnownFileType = file.storyboard; name = Base; path = Base.lproj/Main.storyboard; sourceTree = "<group>"; };
		0C15F63C1C33DD1300E01EC0 /* Assets.xcassets */ = {isa = PBXFileReference; lastKnownFileType = folder.assetcatalog; path = Assets.xcassets; sourceTree = "<group>"; };
		0C15F63F1C33DD1300E01EC0 /* Base */ = {isa = PBXFileReference; lastKnownFileType = file.storyboard; name = Base; path = Base.lproj/LaunchScreen.storyboard; sourceTree = "<group>"; };
		0C15F6411C33DD1300E01EC0 /* Info.plist */ = {isa = PBXFileReference; lastKnownFileType = text.plist.xml; path = Info.plist; sourceTree = "<group>"; };
		0C15F6461C33DD1300E01EC0 /* CAReplicatorLayer练习Tests.xctest */ = {isa = PBXFileReference; explicitFileType = wrapper.cfbundle; includeInIndex = 0; path = "CAReplicatorLayer练习Tests.xctest"; sourceTree = BUILT_PRODUCTS_DIR; };
		0C15F64A1C33DD1300E01EC0 /* CAReplicatorLayer__Tests.m */ = {isa = PBXFileReference; lastKnownFileType = sourcecode.c.objc; path = CAReplicatorLayer__Tests.m; sourceTree = "<group>"; };
		0C15F64C1C33DD1300E01EC0 /* Info.plist */ = {isa = PBXFileReference; lastKnownFileType = text.plist.xml; path = Info.plist; sourceTree = "<group>"; };
		0C15F6511C33DD1300E01EC0 /* CAReplicatorLayer练习UITests.xctest */ = {isa = PBXFileReference; explicitFileType = wrapper.cfbundle; includeInIndex = 0; path = "CAReplicatorLayer练习UITests.xctest"; sourceTree = BUILT_PRODUCTS_DIR; };
		0C15F6551C33DD1300E01EC0 /* CAReplicatorLayer__UITests.m */ = {isa = PBXFileReference; lastKnownFileType = sourcecode.c.objc; path = CAReplicatorLayer__UITests.m; sourceTree = "<group>"; };
		0C15F6571C33DD1300E01EC0 /* Info.plist */ = {isa = PBXFileReference; lastKnownFileType = text.plist.xml; path = Info.plist; sourceTree = "<group>"; };
/* End PBXFileReference section */

/* Begin PBXFrameworksBuildPhase section */
		0C15F62A1C33DD1300E01EC0 /* Frameworks */ = {
			isa = PBXFrameworksBuildPhase;
			buildActionMask = 2147483647;
			files = (
			);
			runOnlyForDeploymentPostprocessing = 0;
		};
		0C15F6431C33DD1300E01EC0 /* Frameworks */ = {
			isa = PBXFrameworksBuildPhase;
			buildActionMask = 2147483647;
			files = (
			);
			runOnlyForDeploymentPostprocessing = 0;
		};
		0C15F64E1C33DD1300E01EC0 /* Frameworks */ = {
			isa = PBXFrameworksBuildPhase;
			buildActionMask = 2147483647;
			files = (
			);
			runOnlyForDeploymentPostprocessing = 0;
		};
/* End PBXFrameworksBuildPhase section */

/* Begin PBXGroup section */
		0C15F6241C33DD1300E01EC0 = {
			isa = PBXGroup;
			children = (
				0C15F62F1C33DD1300E01EC0 /* CAReplicatorLayer练习 */,
				0C15F6491C33DD1300E01EC0 /* CAReplicatorLayer练习Tests */,
				0C15F6541C33DD1300E01EC0 /* CAReplicatorLayer练习UITests */,
				0C15F62E1C33DD1300E01EC0 /* Products */,
			);
			sourceTree = "<group>";
		};
		0C15F62E1C33DD1300E01EC0 /* Products */ = {
			isa = PBXGroup;
			children = (
				0C15F62D1C33DD1300E01EC0 /* CAReplicatorLayer练习.app */,
				0C15F6461C33DD1300E01EC0 /* CAReplicatorLayer练习Tests.xctest */,
				0C15F6511C33DD1300E01EC0 /* CAReplicatorLayer练习UITests.xctest */,
			);
			name = Products;
			sourceTree = "<group>";
		};
		0C15F62F1C33DD1300E01EC0 /* CAReplicatorLayer练习 */ = {
			isa = PBXGroup;
			children = (
				0C15F6331C33DD1300E01EC0 /* AppDelegate.h */,
				0C15F6341C33DD1300E01EC0 /* AppDelegate.m */,
				0C15F6361C33DD1300E01EC0 /* ViewController.h */,
				0C15F6371C33DD1300E01EC0 /* ViewController.m */,
				0C15F6391C33DD1300E01EC0 /* Main.storyboard */,
				0C15F63C1C33DD1300E01EC0 /* Assets.xcassets */,
				0C15F63E1C33DD1300E01EC0 /* LaunchScreen.storyboard */,
				0C15F6411C33DD1300E01EC0 /* Info.plist */,
				0C15F6301C33DD1300E01EC0 /* Supporting Files */,
			);
			path = "CAReplicatorLayer练习";
			sourceTree = "<group>";
		};
		0C15F6301C33DD1300E01EC0 /* Supporting Files */ = {
			isa = PBXGroup;
			children = (
				0C15F6311C33DD1300E01EC0 /* main.m */,
			);
			name = "Supporting Files";
			sourceTree = "<group>";
		};
		0C15F6491C33DD1300E01EC0 /* CAReplicatorLayer练习Tests */ = {
			isa = PBXGroup;
			children = (
				0C15F64A1C33DD1300E01EC0 /* CAReplicatorLayer__Tests.m */,
				0C15F64C1C33DD1300E01EC0 /* Info.plist */,
			);
			path = "CAReplicatorLayer练习Tests";
			sourceTree = "<group>";
		};
		0C15F6541C33DD1300E01EC0 /* CAReplicatorLayer练习UITests */ = {
			isa = PBXGroup;
			children = (
				0C15F6551C33DD1300E01EC0 /* CAReplicatorLayer__UITests.m */,
				0C15F6571C33DD1300E01EC0 /* Info.plist */,
			);
			path = "CAReplicatorLayer练习UITests";
			sourceTree = "<group>";
		};
/* End PBXGroup section */

/* Begin PBXNativeTarget section */
		0C15F62C1C33DD1300E01EC0 /* CAReplicatorLayer练习 */ = {
			isa = PBXNativeTarget;
			buildConfigurationList = 0C15F65A1C33DD1300E01EC0 /* Build configuration list for PBXNativeTarget "CAReplicatorLayer练习" */;
			buildPhases = (
				0C15F6291C33DD1300E01EC0 /* Sources */,
				0C15F62A1C33DD1300E01EC0 /* Frameworks */,
				0C15F62B1C33DD1300E01EC0 /* Resources */,
			);
			buildRules = (
			);
			dependencies = (
			);
			name = "CAReplicatorLayer练习";
			productName = "CAReplicatorLayer练习";
			productReference = 0C15F62D1C33DD1300E01EC0 /* CAReplicatorLayer练习.app */;
			productType = "com.apple.product-type.application";
		};
		0C15F6451C33DD1300E01EC0 /* CAReplicatorLayer练习Tests */ = {
			isa = PBXNativeTarget;
			buildConfigurationList = 0C15F65D1C33DD1300E01EC0 /* Build configuration list for PBXNativeTarget "CAReplicatorLayer练习Tests" */;
			buildPhases = (
				0C15F6421C33DD1300E01EC0 /* Sources */,
				0C15F6431C33DD1300E01EC0 /* Frameworks */,
				0C15F6441C33DD1300E01EC0 /* Resources */,
			);
			buildRules = (
			);
			dependencies = (
				0C15F6481C33DD1300E01EC0 /* PBXTargetDependency */,
			);
			name = "CAReplicatorLayer练习Tests";
			productName = "CAReplicatorLayer练习Tests";
			productReference = 0C15F6461C33DD1300E01EC0 /* CAReplicatorLayer练习Tests.xctest */;
			productType = "com.apple.product-type.bundle.unit-test";
		};
		0C15F6501C33DD1300E01EC0 /* CAReplicatorLayer练习UITests */ = {
			isa = PBXNativeTarget;
			buildConfigurationList = 0C15F6601C33DD1300E01EC0 /* Build configuration list for PBXNativeTarget "CAReplicatorLayer练习UITests" */;
			buildPhases = (
				0C15F64D1C33DD1300E01EC0 /* Sources */,
				0C15F64E1C33DD1300E01EC0 /* Frameworks */,
				0C15F64F1C33DD1300E01EC0 /* Resources */,
			);
			buildRules = (
			);
			dependencies = (
				0C15F6531C33DD1300E01EC0 /* PBXTargetDependency */,
			);
			name = "CAReplicatorLayer练习UITests";
			productName = "CAReplicatorLayer练习UITests";
			productReference = 0C15F6511C33DD1300E01EC0 /* CAReplicatorLayer练习UITests.xctest */;
			productType = "com.apple.product-type.bundle.ui-testing";
		};
/* End PBXNativeTarget section */

/* Begin PBXProject section */
		0C15F6251C33DD1300E01EC0 /* Project object */ = {
			isa = PBXProject;
			attributes = {
				LastUpgradeCheck = 0720;
				ORGANIZATIONNAME = "张璐";
				TargetAttributes = {
					0C15F62C1C33DD1300E01EC0 = {
						CreatedOnToolsVersion = 7.2;
					};
					0C15F6451C33DD1300E01EC0 = {
						CreatedOnToolsVersion = 7.2;
						TestTargetID = 0C15F62C1C33DD1300E01EC0;
					};
					0C15F6501C33DD1300E01EC0 = {
						CreatedOnToolsVersion = 7.2;
						TestTargetID = 0C15F62C1C33DD1300E01EC0;
					};
				};
			};
			buildConfigurationList = 0C15F6281C33DD1300E01EC0 /* Build configuration list for PBXProject "CAReplicatorLayer练习" */;
			compatibilityVersion = "Xcode 3.2";
			developmentRegion = English;
			hasScannedForEncodings = 0;
			knownRegions = (
				en,
				Base,
			);
			mainGroup = 0C15F6241C33DD1300E01EC0;
			productRefGroup = 0C15F62E1C33DD1300E01EC0 /* Products */;
			projectDirPath = "";
			projectRoot = "";
			targets = (
				0C15F62C1C33DD1300E01EC0 /* CAReplicatorLayer练习 */,
				0C15F6451C33DD1300E01EC0 /* CAReplicatorLayer练习Tests */,
				0C15F6501C33DD1300E01EC0 /* CAReplicatorLayer练习UITests */,
			);
		};
/* End PBXProject section */

/* Begin PBXResourcesBuildPhase section */
		0C15F62B1C33DD1300E01EC0 /* Resources */ = {
			isa = PBXResourcesBuildPhase;
			buildActionMask = 2147483647;
			files = (
				0C15F6401C33DD1300E01EC0 /* LaunchScreen.storyboard in Resources */,
				0C15F63D1C33DD1300E01EC0 /* Assets.xcassets in Resources */,
				0C15F63B1C33DD1300E01EC0 /* Main.storyboard in Resources */,
			);
			runOnlyForDeploymentPostprocessing = 0;
		};
		0C15F6441C33DD1300E01EC0 /* Resources */ = {
			isa = PBXResourcesBuildPhase;
			buildActionMask = 2147483647;
			files = (
			);
			runOnlyForDeploymentPostprocessing = 0;
		};
		0C15F64F1C33DD1300E01EC0 /* Resources */ = {
			isa = PBXResourcesBuildPhase;
			buildActionMask = 2147483647;
			files = (
			);
			runOnlyForDeploymentPostprocessing = 0;
		};
/* End PBXResourcesBuildPhase section */

/* Begin PBXSourcesBuildPhase section */
		0C15F6291C33DD1300E01EC0 /* Sources */ = {
			isa = PBXSourcesBuildPhase;
			buildActionMask = 2147483647;
			files = (
				0C15F6381C33DD1300E01EC0 /* ViewController.m in Sources */,
				0C15F6351C33DD1300E01EC0 /* AppDelegate.m in Sources */,
				0C15F6321C33DD1300E01EC0 /* main.m in Sources */,
			);
			runOnlyForDeploymentPostprocessing = 0;
		};
		0C15F6421C33DD1300E01EC0 /* Sources */ = {
			isa = PBXSourcesBuildPhase;
			buildActionMask = 2147483647;
			files = (
				0C15F64B1C33DD1300E01EC0 /* CAReplicatorLayer__Tests.m in Sources */,
			);
			runOnlyForDeploymentPostprocessing = 0;
		};
		0C15F64D1C33DD1300E01EC0 /* Sources */ = {
			isa = PBXSourcesBuildPhase;
			buildActionMask = 2147483647;
			files = (
				0C15F6561C33DD1300E01EC0 /* CAReplicatorLayer__UITests.m in Sources */,
			);
			runOnlyForDeploymentPostprocessing = 0;
		};
/* End PBXSourcesBuildPhase section */

/* Begin PBXTargetDependency section */
		0C15F6481C33DD1300E01EC0 /* PBXTargetDependency */ = {
			isa = PBXTargetDependency;
			target = 0C15F62C1C33DD1300E01EC0 /* CAReplicatorLayer练习 */;
			targetProxy = 0C15F6471C33DD1300E01EC0 /* PBXContainerItemProxy */;
		};
		0C15F6531C33DD1300E01EC0 /* PBXTargetDependency */ = {
			isa = PBXTargetDependency;
			target = 0C15F62C1C33DD1300E01EC0 /* CAReplicatorLayer练习 */;
			targetProxy = 0C15F6521C33DD1300E01EC0 /* PBXContainerItemProxy */;
		};
/* End PBXTargetDependency section */

/* Begin PBXVariantGroup section */
		0C15F6391C33DD1300E01EC0 /* Main.storyboard */ = {
			isa = PBXVariantGroup;
			children = (
				0C15F63A1C33DD1300E01EC0 /* Base */,
			);
			name = Main.storyboard;
			sourceTree = "<group>";
		};
		0C15F63E1C33DD1300E01EC0 /* LaunchScreen.storyboard */ = {
			isa = PBXVariantGroup;
			children = (
				0C15F63F1C33DD1300E01EC0 /* Base */,
			);
			name = LaunchScreen.storyboard;
			sourceTree = "<group>";
		};
/* End PBXVariantGroup section */

/* Begin XCBuildConfiguration section */
		0C15F6581C33DD1300E01EC0 /* Debug */ = {
			isa = XCBuildConfiguration;
			buildSettings = {
				ALWAYS_SEARCH_USER_PATHS = NO;
				CLANG_CXX_LANGUAGE_STANDARD = "gnu++0x";
				CLANG_CXX_LIBRARY = "libc++";
				CLANG_ENABLE_MODULES = YES;
				CLANG_ENABLE_OBJC_ARC = YES;
				CLANG_WARN_BOOL_CONVERSION = YES;
				CLANG_WARN_CONSTANT_CONVERSION = YES;
				CLANG_WARN_DIRECT_OBJC_ISA_USAGE = YES_ERROR;
				CLANG_WARN_EMPTY_BODY = YES;
				CLANG_WARN_ENUM_CONVERSION = YES;
				CLANG_WARN_INT_CONVERSION = YES;
				CLANG_WARN_OBJC_ROOT_CLASS = YES_ERROR;
				CLANG_WARN_UNREACHABLE_CODE = YES;
				CLANG_WARN__DUPLICATE_METHOD_MATCH = YES;
				"CODE_SIGN_IDENTITY[sdk=iphoneos*]" = "iPhone Developer";
				COPY_PHASE_STRIP = NO;
				DEBUG_INFORMATION_FORMAT = dwarf;
				ENABLE_STRICT_OBJC_MSGSEND = YES;
				ENABLE_TESTABILITY = YES;
				GCC_C_LANGUAGE_STANDARD = gnu99;
				GCC_DYNAMIC_NO_PIC = NO;
				GCC_NO_COMMON_BLOCKS = YES;
				GCC_OPTIMIZATION_LEVEL = 0;
				GCC_PREPROCESSOR_DEFINITIONS = (
					"DEBUG=1",
					"$(inherited)",
				);
				GCC_WARN_64_TO_32_BIT_CONVERSION = YES;
				GCC_WARN_ABOUT_RETURN_TYPE = YES_ERROR;
				GCC_WARN_UNDECLARED_SELECTOR = YES;
				GCC_WARN_UNINITIALIZED_AUTOS = YES_AGGRESSIVE;
				GCC_WARN_UNUSED_FUNCTION = YES;
				GCC_WARN_UNUSED_VARIABLE = YES;
				IPHONEOS_DEPLOYMENT_TARGET = 9.2;
				MTL_ENABLE_DEBUG_INFO = YES;
				ONLY_ACTIVE_ARCH = YES;
				SDKROOT = iphoneos;
			};
			name = Debug;
		};
		0C15F6591C33DD1300E01EC0 /* Release */ = {
			isa = XCBuildConfiguration;
			buildSettings = {
				ALWAYS_SEARCH_USER_PATHS = NO;
				CLANG_CXX_LANGUAGE_STANDARD = "gnu++0x";
				CLANG_CXX_LIBRARY = "libc++";
				CLANG_ENABLE_MODULES = YES;
				CLANG_ENABLE_OBJC_ARC = YES;
				CLANG_WARN_BOOL_CONVERSION = YES;
				CLANG_WARN_CONSTANT_CONVERSION = YES;
				CLANG_WARN_DIRECT_OBJC_ISA_USAGE = YES_ERROR;
				CLANG_WARN_EMPTY_BODY = YES;
				CLANG_WARN_ENUM_CONVERSION = YES;
				CLANG_WARN_INT_CONVERSION = YES;
				CLANG_WARN_OBJC_ROOT_CLASS = YES_ERROR;
				CLANG_WARN_UNREACHABLE_CODE = YES;
				CLANG_WARN__DUPLICATE_METHOD_MATCH = YES;
				"CODE_SIGN_IDENTITY[sdk=iphoneos*]" = "iPhone Developer";
				COPY_PHASE_STRIP = NO;
				DEBUG_INFORMATION_FORMAT = "dwarf-with-dsym";
				ENABLE_NS_ASSERTIONS = NO;
				ENABLE_STRICT_OBJC_MSGSEND = YES;
				GCC_C_LANGUAGE_STANDARD = gnu99;
				GCC_NO_COMMON_BLOCKS = YES;
				GCC_WARN_64_TO_32_BIT_CONVERSION = YES;
				GCC_WARN_ABOUT_RETURN_TYPE = YES_ERROR;
				GCC_WARN_UNDECLARED_SELECTOR = YES;
				GCC_WARN_UNINITIALIZED_AUTOS = YES_AGGRESSIVE;
				GCC_WARN_UNUSED_FUNCTION = YES;
				GCC_WARN_UNUSED_VARIABLE = YES;
				IPHONEOS_DEPLOYMENT_TARGET = 9.2;
				MTL_ENABLE_DEBUG_INFO = NO;
				SDKROOT = iphoneos;
				VALIDATE_PRODUCT = YES;
			};
			name = Release;
		};
		0C15F65B1C33DD1300E01EC0 /* Debug */ = {
			isa = XCBuildConfiguration;
			buildSettings = {
				ASSETCATALOG_COMPILER_APPICON_NAME = AppIcon;
				INFOPLIST_FILE = "CAReplicatorLayer练习/Info.plist";
				IPHONEOS_DEPLOYMENT_TARGET = 9.0;
				LD_RUNPATH_SEARCH_PATHS = "$(inherited) @executable_path/Frameworks";
				PRODUCT_BUNDLE_IDENTIFIER = "com.zl.CAReplicatorLayer--";
				PRODUCT_NAME = "$(TARGET_NAME)";
			};
			name = Debug;
		};
		0C15F65C1C33DD1300E01EC0 /* Release */ = {
			isa = XCBuildConfiguration;
			buildSettings = {
				ASSETCATALOG_COMPILER_APPICON_NAME = AppIcon;
				INFOPLIST_FILE = "CAReplicatorLayer练习/Info.plist";
				IPHONEOS_DEPLOYMENT_TARGET = 9.0;
				LD_RUNPATH_SEARCH_PATHS = "$(inherited) @executable_path/Frameworks";
				PRODUCT_BUNDLE_IDENTIFIER = "com.zl.CAReplicatorLayer--";
				PRODUCT_NAME = "$(TARGET_NAME)";
			};
			name = Release;
		};
		0C15F65E1C33DD1300E01EC0 /* Debug */ = {
			isa = XCBuildConfiguration;
			buildSettings = {
				BUNDLE_LOADER = "$(TEST_HOST)";
				INFOPLIST_FILE = "CAReplicatorLayer练习Tests/Info.plist";
				LD_RUNPATH_SEARCH_PATHS = "$(inherited) @executable_path/Frameworks @loader_path/Frameworks";
				PRODUCT_BUNDLE_IDENTIFIER = "com.zl.CAReplicatorLayer--Tests";
				PRODUCT_NAME = "$(TARGET_NAME)";
				TEST_HOST = "$(BUILT_PRODUCTS_DIR)/CAReplicatorLayer练习.app/CAReplicatorLayer练习";
			};
			name = Debug;
		};
		0C15F65F1C33DD1300E01EC0 /* Release */ = {
			isa = XCBuildConfiguration;
			buildSettings = {
				BUNDLE_LOADER = "$(TEST_HOST)";
				INFOPLIST_FILE = "CAReplicatorLayer练习Tests/Info.plist";
				LD_RUNPATH_SEARCH_PATHS = "$(inherited) @executable_path/Frameworks @loader_path/Frameworks";
				PRODUCT_BUNDLE_IDENTIFIER = "com.zl.CAReplicatorLayer--Tests";
				PRODUCT_NAME = "$(TARGET_NAME)";
				TEST_HOST = "$(BUILT_PRODUCTS_DIR)/CAReplicatorLayer练习.app/CAReplicatorLayer练习";
			};
			name = Release;
		};
		0C15F6611C33DD1300E01EC0 /* Debug */ = {
			isa = XCBuildConfiguration;
			buildSettings = {
				INFOPLIST_FILE = "CAReplicatorLayer练习UITests/Info.plist";
				LD_RUNPATH_SEARCH_PATHS = "$(inherited) @executable_path/Frameworks @loader_path/Frameworks";
				PRODUCT_BUNDLE_IDENTIFIER = "com.zl.CAReplicatorLayer--UITests";
				PRODUCT_NAME = "$(TARGET_NAME)";
				TEST_TARGET_NAME = "CAReplicatorLayer练习";
				USES_XCTRUNNER = YES;
			};
			name = Debug;
		};
		0C15F6621C33DD1300E01EC0 /* Release */ = {
			isa = XCBuildConfiguration;
			buildSettings = {
				INFOPLIST_FILE = "CAReplicatorLayer练习UITests/Info.plist";
				LD_RUNPATH_SEARCH_PATHS = "$(inherited) @executable_path/Frameworks @loader_path/Frameworks";
				PRODUCT_BUNDLE_IDENTIFIER = "com.zl.CAReplicatorLayer--UITests";
				PRODUCT_NAME = "$(TARGET_NAME)";
				TEST_TARGET_NAME = "CAReplicatorLayer练习";
				USES_XCTRUNNER = YES;
			};
			name = Release;
		};
/* End XCBuildConfiguration section */

/* Begin XCConfigurationList section */
		0C15F6281C33DD1300E01EC0 /* Build configuration list for PBXProject "CAReplicatorLayer练习" */ = {
			isa = XCConfigurationList;
			buildConfigurations = (
				0C15F6581C33DD1300E01EC0 /* Debug */,
				0C15F6591C33DD1300E01EC0 /* Release */,
			);
			defaultConfigurationIsVisible = 0;
			defaultConfigurationName = Release;
		};
		0C15F65A1C33DD1300E01EC0 /* Build configuration list for PBXNativeTarget "CAReplicatorLayer练习" */ = {
			isa = XCConfigurationList;
			buildConfigurations = (
				0C15F65B1C33DD1300E01EC0 /* Debug */,
				0C15F65C1C33DD1300E01EC0 /* Release */,
			);
			defaultConfigurationIsVisible = 0;
			defaultConfigurationName = Release;
		};
		0C15F65D1C33DD1300E01EC0 /* Build configuration list for PBXNativeTarget "CAReplicatorLayer练习Tests" */ = {
			isa = XCConfigurationList;
			buildConfigurations = (
				0C15F65E1C33DD1300E01EC0 /* Debug */,
				0C15F65F1C33DD1300E01EC0 /* Release */,
			);
			defaultConfigurationIsVisible = 0;
			defaultConfigurationName = Release;
		};
		0C15F6601C33DD1300E01EC0 /* Build configuration list for PBXNativeTarget "CAReplicatorLayer练习UITests" */ = {
			isa = XCConfigurationList;
			buildConfigurations = (
				0C15F6611C33DD1300E01EC0 /* Debug */,
				0C15F6621C33DD1300E01EC0 /* Release */,
			);
			defaultConfigurationIsVisible = 0;
			defaultConfigurationName = Release;
		};
/* End XCConfigurationList section */
	};
	rootObject = 0C15F6251C33DD1300E01EC0 /* Project object */;
}
